// !$*UTF8*$!
{
	archiveVersion = 1;
	classes = {
	};
	objectVersion = 56;
	objects = {

/* Begin XCRemoteSwiftPackageReference section */
		A1000070 /* XCRemoteSwiftPackageReference "ZIPFoundation" */ = {
			isa = XCRemoteSwiftPackageReference;
			repositoryURL = "https://github.com/weichsel/ZIPFoundation.git";
			requirement = {
				kind = upToNextMajorVersion;
				minimumVersion = 0.9.0;
			};
		};
/* End XCRemoteSwiftPackageReference section */

/* Begin XCSwiftPackageProductDependency section */
		A1000071 /* ZIPFoundation */ = {
			isa = XCSwiftPackageProductDependency;
			package = A1000070 /* XCRemoteSwiftPackageReference "ZIPFoundation" */;
			productName = ZIPFoundation;
		};
/* End XCSwiftPackageProductDependency section */

/* Begin PBXBuildFile section */
		A1000072 /* ZIPFoundation in Frameworks */ = {isa = PBXBuildFile; productRef = A1000071 /* ZIPFoundation */; };
		A1000001 /* NicheLoaderApp.swift in Sources */ = {isa = PBXBuildFile; fileRef = A1000002 /* NicheLoaderApp.swift */; };
		A1000003 /* HomeView.swift in Sources */ = {isa = PBXBuildFile; fileRef = A1000004 /* HomeView.swift */; };
		A1000005 /* ServerAPI.swift in Sources */ = {isa = PBXBuildFile; fileRef = A1000006 /* ServerAPI.swift */; };
		A1000010 /* SettingsView.swift in Sources */ = {isa = PBXBuildFile; fileRef = A1000011 /* SettingsView.swift */; };
		A1000012 /* TermsView.swift in Sources */ = {isa = PBXBuildFile; fileRef = A1000013 /* TermsView.swift */; };
		A1000062 /* FileManagerView.swift in Sources */ = {isa = PBXBuildFile; fileRef = A1000063 /* FileManagerView.swift */; };
		A1000060 /* IPAReader.swift in Sources */ = {isa = PBXBuildFile; fileRef = A1000061 /* IPAReader.swift */; };
		A1000050 /* RepoView.swift in Sources */ = {isa = PBXBuildFile; fileRef = A1000051 /* RepoView.swift */; };
		A1000048 /* RepoManager.swift in Sources */ = {isa = PBXBuildFile; fileRef = A1000049 /* RepoManager.swift */; };
		A1000046 /* CertificateViews.swift in Sources */ = {isa = PBXBuildFile; fileRef = A1000047 /* CertificateViews.swift */; };
		A1000044 /* LibraryView.swift in Sources */ = {isa = PBXBuildFile; fileRef = A1000045 /* LibraryView.swift */; };
		A1000042 /* LibraryManager.swift in Sources */ = {isa = PBXBuildFile; fileRef = A1000043 /* LibraryManager.swift */; };
		A1000040 /* CertificateManager.swift in Sources */ = {isa = PBXBuildFile; fileRef = A1000041 /* CertificateManager.swift */; };
		A1000030 /* Assets.xcassets in Resources */ = {isa = PBXBuildFile; fileRef = A1000031 /* Assets.xcassets */; };
		A1000021 /* UpdateChecker.swift in Sources */ = {isa = PBXBuildFile; fileRef = A1000022 /* UpdateChecker.swift */; };
/* End PBXBuildFile section */

/* Begin PBXFileReference section */
		A1000002 /* NicheLoaderApp.swift */ = {isa = PBXFileReference; lastKnownFileType = sourcecode.swift; path = NicheLoaderApp.swift; sourceTree = "<group>"; };
		A1000004 /* HomeView.swift */ = {isa = PBXFileReference; lastKnownFileType = sourcecode.swift; path = HomeView.swift; sourceTree = "<group>"; };
		A1000006 /* ServerAPI.swift */ = {isa = PBXFileReference; lastKnownFileType = sourcecode.swift; path = ServerAPI.swift; sourceTree = "<group>"; };
		A1000007 /* NicheLoader.app */ = {isa = PBXFileReference; explicitFileType = wrapper.application; includeInIndex = 0; path = NicheLoader.app; sourceTree = BUILT_PRODUCTS_DIR; };
		A1000008 /* Info.plist */ = {isa = PBXFileReference; lastKnownFileType = text.plist.xml; path = Info.plist; sourceTree = "<group>"; };
		A1000011 /* SettingsView.swift */ = {isa = PBXFileReference; lastKnownFileType = sourcecode.swift; path = SettingsView.swift; sourceTree = "<group>"; };
		A1000013 /* TermsView.swift */ = {isa = PBXFileReference; lastKnownFileType = sourcecode.swift; path = TermsView.swift; sourceTree = "<group>"; };
		A1000063 /* FileManagerView.swift */ = {isa = PBXFileReference; lastKnownFileType = sourcecode.swift; path = FileManagerView.swift; sourceTree = "<group>"; };
		A1000061 /* IPAReader.swift */ = {isa = PBXFileReference; lastKnownFileType = sourcecode.swift; path = IPAReader.swift; sourceTree = "<group>"; };
		A1000051 /* RepoView.swift */ = {isa = PBXFileReference; lastKnownFileType = sourcecode.swift; path = RepoView.swift; sourceTree = "<group>"; };
		A1000049 /* RepoManager.swift */ = {isa = PBXFileReference; lastKnownFileType = sourcecode.swift; path = RepoManager.swift; sourceTree = "<group>"; };
		A1000047 /* CertificateViews.swift */ = {isa = PBXFileReference; lastKnownFileType = sourcecode.swift; path = CertificateViews.swift; sourceTree = "<group>"; };
		A1000045 /* LibraryView.swift */ = {isa = PBXFileReference; lastKnownFileType = sourcecode.swift; path = LibraryView.swift; sourceTree = "<group>"; };
		A1000043 /* LibraryManager.swift */ = {isa = PBXFileReference; lastKnownFileType = sourcecode.swift; path = LibraryManager.swift; sourceTree = "<group>"; };
		A1000041 /* CertificateManager.swift */ = {isa = PBXFileReference; lastKnownFileType = sourcecode.swift; path = CertificateManager.swift; sourceTree = "<group>"; };
		A1000031 /* Assets.xcassets */ = {isa = PBXFileReference; lastKnownFileType = folder.assetcatalog; path = Assets.xcassets; sourceTree = "<group>"; };
		A1000022 /* UpdateChecker.swift */ = {isa = PBXFileReference; lastKnownFileType = sourcecode.swift; path = UpdateChecker.swift; sourceTree = "<group>"; };
/* End PBXFileReference section */

/* Begin PBXFrameworksBuildPhase section */
		A1000009 /* Frameworks */ = {
			isa = PBXFrameworksBuildPhase;
			buildActionMask = 2147483647;
			files = (
				A1000072 /* ZIPFoundation in Frameworks */,
			);
			runOnlyForDeploymentPostprocessing = 0;
		};
/* End PBXFrameworksBuildPhase section */

/* Begin PBXGroup section */
		A100000A = {
			isa = PBXGroup;
			children = (
				A100000B /* NicheLoader */,
				A100000C /* Products */,
			);
			sourceTree = "<group>";
		};
		A100000B /* NicheLoader */ = {
			isa = PBXGroup;
			children = (
				A1000002 /* NicheLoaderApp.swift */,
				A1000004 /* HomeView.swift */,
				A1000011 /* SettingsView.swift */,
				A1000013 /* TermsView.swift */,
				A1000041 /* CertificateManager.swift */,
				A1000043 /* LibraryManager.swift */,
				A1000045 /* LibraryView.swift */,
				A1000047 /* CertificateViews.swift */,
				A1000049 /* RepoManager.swift */,
				A1000051 /* RepoView.swift */,
				A1000022 /* UpdateChecker.swift */,
				A1000006 /* ServerAPI.swift */,
				A1000061 /* IPAReader.swift */,
				A1000063 /* FileManagerView.swift */,
				A1000008 /* Info.plist */,
				A1000031 /* Assets.xcassets */,
			);
			path = NicheLoader;
			sourceTree = "<group>";
		};
		A100000C /* Products */ = {
			isa = PBXGroup;
			children = (
				A1000007 /* NicheLoader.app */,
			);
			name = Products;
			sourceTree = "<group>";
		};
/* End PBXGroup section */

/* Begin PBXNativeTarget section */
		A100000D /* NicheLoader */ = {
			isa = PBXNativeTarget;
			buildConfigurationList = A100000E /* Build configuration list for PBXNativeTarget "NicheLoader" */;
			buildPhases = (
				A100000F /* Sources */,
				A1000009 /* Frameworks */,
				A1000014 /* Resources */,
			);
			buildRules = (
			);
			dependencies = (
			);
			name = NicheLoader;
			packageProductDependencies = (
				A1000071 /* ZIPFoundation */,
			);
			productName = NicheLoader;
			productReference = A1000007 /* NicheLoader.app */;
			productType = "com.apple.product-type.application";
		};
/* End PBXNativeTarget section */

/* Begin PBXProject section */
		A1000015 /* Project object */ = {
			isa = PBXProject;
			packageReferences = (
				A1000070 /* XCRemoteSwiftPackageReference "ZIPFoundation" */,
			);
			attributes = {
				BuildIndependentTargetsInParallel = 1;
				LastSwiftUpdateCheck = 1500;
				LastUpgradeCheck = 1500;
				TargetAttributes = {
					A100000D = {
						CreatedOnToolsVersion = 15.0;
					};
				};
			};
			buildConfigurationList = A1000016 /* Build configuration list for PBXProject "NicheLoader" */;
			compatibilityVersion = "Xcode 14.0";
			developmentRegion = en;
			hasScannedForEncodings = 0;
			knownRegions = (
				en,
				Base,
			);
			mainGroup = A100000A;
			productRefGroup = A100000C /* Products */;
			projectDirPath = "";
			projectRoot = "";
			targets = (
				A100000D /* NicheLoader */,
			);
		};
/* End PBXProject section */

/* Begin PBXResourcesBuildPhase section */
		A1000014 /* Resources */ = {
			isa = PBXResourcesBuildPhase;
			buildActionMask = 2147483647;
			files = (
				A1000030 /* Assets.xcassets in Resources */,
			);
			runOnlyForDeploymentPostprocessing = 0;
		};
/* End PBXResourcesBuildPhase section */

/* Begin PBXSourcesBuildPhase section */
		A100000F /* Sources */ = {
			isa = PBXSourcesBuildPhase;
			buildActionMask = 2147483647;
			files = (
				A1000001 /* NicheLoaderApp.swift in Sources */,
				A1000003 /* HomeView.swift in Sources */,
				A1000005 /* ServerAPI.swift in Sources */,
				A1000010 /* SettingsView.swift in Sources */,
				A1000012 /* TermsView.swift in Sources */,
				A1000062 /* FileManagerView.swift in Sources */,
				A1000060 /* IPAReader.swift in Sources */,
				A1000040 /* CertificateManager.swift in Sources */,
				A1000042 /* LibraryManager.swift in Sources */,
				A1000044 /* LibraryView.swift in Sources */,
				A1000046 /* CertificateViews.swift in Sources */,
				A1000048 /* RepoManager.swift in Sources */,
				A1000050 /* RepoView.swift in Sources */,
				A1000021 /* UpdateChecker.swift in Sources */,
			);
			runOnlyForDeploymentPostprocessing = 0;
		};
/* End PBXSourcesBuildPhase section */

/* Begin XCBuildConfiguration section */
		A1000017 /* Debug */ = {
			isa = XCBuildConfiguration;
			buildSettings = {
				ALWAYS_SEARCH_USER_PATHS = NO;
				CLANG_ENABLE_MODULES = YES;
				CLANG_ENABLE_OBJC_ARC = YES;
				COPY_PHASE_STRIP = NO;
				DEBUG_INFORMATION_FORMAT = dwarf;
				ENABLE_STRICT_OBJC_MSGSEND = YES;
				ENABLE_TESTABILITY = YES;
				GCC_C_LANGUAGE_STANDARD = gnu11;
				GCC_DYNAMIC_NO_PIC = NO;
				GCC_NO_COMMON_BLOCKS = YES;
				GCC_OPTIMIZATION_LEVEL = 0;
				GCC_PREPROCESSOR_DEFINITIONS = (
					"DEBUG=1",
					"$(inherited)",
				);
				IPHONEOS_DEPLOYMENT_TARGET = 15.0;
				MTL_ENABLE_DEBUG_INFO = INCLUDE_SOURCE;
				ONLY_ACTIVE_ARCH = YES;
				SDKROOT = iphoneos;
				SWIFT_ACTIVE_COMPILATION_CONDITIONS = DEBUG;
				SWIFT_OPTIMIZATION_LEVEL = "-Onone";
			};
			name = Debug;
		};
		A1000018 /* Release */ = {
			isa = XCBuildConfiguration;
			buildSettings = {
				ALWAYS_SEARCH_USER_PATHS = NO;
				CLANG_ENABLE_MODULES = YES;
				CLANG_ENABLE_OBJC_ARC = YES;
				COPY_PHASE_STRIP = NO;
				DEBUG_INFORMATION_FORMAT = "dwarf-with-dsym";
				ENABLE_NS_ASSERTIONS = NO;
				ENABLE_STRICT_OBJC_MSGSEND = YES;
				GCC_C_LANGUAGE_STANDARD = gnu11;
				GCC_NO_COMMON_BLOCKS = YES;
				IPHONEOS_DEPLOYMENT_TARGET = 15.0;
				MTL_ENABLE_DEBUG_INFO = NO;
				SDKROOT = iphoneos;
				SWIFT_COMPILATION_MODE = wholemodule;
				SWIFT_OPTIMIZATION_LEVEL = "-O";
				VALIDATE_PRODUCT = YES;
			};
			name = Release;
		};
		A1000019 /* Debug */ = {
			isa = XCBuildConfiguration;
			buildSettings = {
				ASSETCATALOG_COMPILER_APPICON_NAME = AppIcon;
				CODE_SIGN_STYLE = Automatic;
				CURRENT_PROJECT_VERSION = 1;
				GENERATE_INFOPLIST_FILE = NO;
				INFOPLIST_FILE = NicheLoader/Info.plist;
				LD_RUNPATH_SEARCH_PATHS = (
					"$(inherited)",
					"@executable_path/Frameworks",
				);
				MARKETING_VERSION = 1.0;
				PRODUCT_BUNDLE_IDENTIFIER = com.filmeacc.nicheloader;
				PRODUCT_NAME = "$(TARGET_NAME)";
				SWIFT_EMIT_LOC_STRINGS = YES;
				SWIFT_VERSION = 5.0;
				TARGETED_DEVICE_FAMILY = "1,2";
			};
			name = Debug;
		};
		A1000020 /* Release */ = {
			isa = XCBuildConfiguration;
			buildSettings = {
				ASSETCATALOG_COMPILER_APPICON_NAME = AppIcon;
				CODE_SIGN_STYLE = Automatic;
				CURRENT_PROJECT_VERSION = 1;
				GENERATE_INFOPLIST_FILE = NO;
				INFOPLIST_FILE = NicheLoader/Info.plist;
				LD_RUNPATH_SEARCH_PATHS = (
					"$(inherited)",
					"@executable_path/Frameworks",
				);
				MARKETING_VERSION = 1.0;
				PRODUCT_BUNDLE_IDENTIFIER = com.filmeacc.nicheloader;
				PRODUCT_NAME = "$(TARGET_NAME)";
				SWIFT_EMIT_LOC_STRINGS = YES;
				SWIFT_VERSION = 5.0;
				TARGETED_DEVICE_FAMILY = "1,2";
			};
			name = Release;
		};
/* End XCBuildConfiguration section */

/* Begin XCConfigurationList section */
		A100000E /* Build configuration list for PBXNativeTarget "NicheLoader" */ = {
			isa = XCConfigurationList;
			buildConfigurations = (
				A1000019 /* Debug */,
				A1000020 /* Release */,
			);
			defaultConfigurationIsVisible = 0;
			defaultConfigurationName = Release;
		};
		A1000016 /* Build configuration list for PBXProject "NicheLoader" */ = {
			isa = XCConfigurationList;
			buildConfigurations = (
				A1000017 /* Debug */,
				A1000018 /* Release */,
			);
			defaultConfigurationIsVisible = 0;
			defaultConfigurationName = Release;
		};
/* End XCConfigurationList section */
	};
	rootObject = A1000015 /* Project object */;
}
